
Microsoft Visual Studio Solution File, Format Version 12.00
# Visual Studio Version 17
VisualStudioVersion = 17.8.34408.163
MinimumVisualStudioVersion = 10.0.40219.1
Project("{FAE04EC0-301F-11D3-BF4B-00C04F79EFBC}") = "BromoAirlines", "BromoAirlines\BromoAirlines.csproj", "{F2B0C904-4171-40DB-8403-F6329FA6B24D}"
EndProject
Global
	GlobalSection(SolutionConfigurationPlatforms) = preSolution
		Debug|Any CPU = Debug|Any CPU
		Release|Any CPU = Release|Any CPU
	EndGlobalSection
	GlobalSection(ProjectConfigurationPlatforms) = postSolution
		{F2B0C904-4171-40DB-8403-F6329FA6B24D}.Debug|Any CPU.ActiveCfg = Debug|Any CPU
		{F2B0C904-4171-40DB-8403-F6329FA6B24D}.Debug|Any CPU.Build.0 = Debug|Any CPU
		{F2B0C904-4171-40DB-8403-F6329FA6B24D}.Release|Any CPU.ActiveCfg = Release|Any CPU
		{F2B0C904-4171-40DB-8403-F6329FA6B24D}.Release|Any CPU.Build.0 = Release|Any CPU
	EndGlobalSection
	GlobalSection(SolutionProperties) = preSolution
		HideSolutionNode = FALSE
	EndGlobalSection
	GlobalSection(ExtensibilityGlobals) = postSolution
		SolutionGuid = {E67E3408-46DD-4164-B3E9-6A487EC7E9D8}
	EndGlobalSection
EndGlobal
